
Microsoft Visual Studio Solution File, Format Version 12.00
# Visual Studio Version 17
VisualStudioVersion = 17.6.33829.357
MinimumVisualStudioVersion = 10.0.40219.1
Project("{FAE04EC0-301F-11D3-BF4B-00C04F79EFBC}") = "T4_E2", "T4_E2.csproj", "{D92CB300-B461-443F-8407-EB33AF282025}"
EndProject
Global
	GlobalSection(SolutionConfigurationPlatforms) = preSolution
		Debug|Any CPU = Debug|Any CPU
		Release|Any CPU = Release|Any CPU
	EndGlobalSection
	GlobalSection(ProjectConfigurationPlatforms) = postSolution
		{D92CB300-B461-443F-8407-EB33AF282025}.Debug|Any CPU.ActiveCfg = Debug|Any CPU
		{D92CB300-B461-443F-8407-EB33AF282025}.Debug|Any CPU.Build.0 = Debug|Any CPU
		{D92CB300-B461-443F-8407-EB33AF282025}.Release|Any CPU.ActiveCfg = Release|Any CPU
		{D92CB300-B461-443F-8407-EB33AF282025}.Release|Any CPU.Build.0 = Release|Any CPU
	EndGlobalSection
	GlobalSection(SolutionProperties) = preSolution
		HideSolutionNode = FALSE
	EndGlobalSection
	GlobalSection(ExtensibilityGlobals) = postSolution
		SolutionGuid = {D5D84E2F-66D2-42C0-8FFC-16D429A82CA3}
	EndGlobalSection
EndGlobal
